
Microsoft Visual Studio Solution File, Format Version 12.00
# Visual Studio Version 16
VisualStudioVersion = 16.0.31702.278
MinimumVisualStudioVersion = 10.0.40219.1
Project("{FAE04EC0-301F-11D3-BF4B-00C04F79EFBC}") = "GIRA KNX Helper", "GIRA KNX Helper\GIRA KNX Helper.csproj", "{338D0E6B-92DF-4B54-A0A9-B87191A92DAF}"
EndProject
Global
	GlobalSection(SolutionConfigurationPlatforms) = preSolution
		Debug|Any CPU = Debug|Any CPU
		Release|Any CPU = Release|Any CPU
	EndGlobalSection
	GlobalSection(ProjectConfigurationPlatforms) = postSolution
		{338D0E6B-92DF-4B54-A0A9-B87191A92DAF}.Debug|Any CPU.ActiveCfg = Debug|Any CPU
		{338D0E6B-92DF-4B54-A0A9-B87191A92DAF}.Debug|Any CPU.Build.0 = Debug|Any CPU
		{338D0E6B-92DF-4B54-A0A9-B87191A92DAF}.Release|Any CPU.ActiveCfg = Release|Any CPU
		{338D0E6B-92DF-4B54-A0A9-B87191A92DAF}.Release|Any CPU.Build.0 = Release|Any CPU
	EndGlobalSection
	GlobalSection(SolutionProperties) = preSolution
		HideSolutionNode = FALSE
	EndGlobalSection
	GlobalSection(ExtensibilityGlobals) = postSolution
		SolutionGuid = {2382CFFE-63B8-4255-A2A5-EB7834FF80FE}
	EndGlobalSection
EndGlobal
